
Microsoft Visual Studio Solution File, Format Version 12.00
# Visual Studio Version 16
VisualStudioVersion = 16.0.31613.86
MinimumVisualStudioVersion = 10.0.40219.1
Project("{8BC9CEB8-8B4A-11D0-8D11-00A0C91BC942}") = "SalesTaxProject_KhoaNguyen", "SalesTaxProject_KhoaNguyen\SalesTaxProject_KhoaNguyen.vcxproj", "{919C7CB3-CE43-4F66-9AA3-0593A9DCB2FA}"
EndProject
Global
	GlobalSection(SolutionConfigurationPlatforms) = preSolution
		Debug|x64 = Debug|x64
		Debug|x86 = Debug|x86
		Release|x64 = Release|x64
		Release|x86 = Release|x86
	EndGlobalSection
	GlobalSection(ProjectConfigurationPlatforms) = postSolution
		{919C7CB3-CE43-4F66-9AA3-0593A9DCB2FA}.Debug|x64.ActiveCfg = Debug|x64
		{919C7CB3-CE43-4F66-9AA3-0593A9DCB2FA}.Debug|x64.Build.0 = Debug|x64
		{919C7CB3-CE43-4F66-9AA3-0593A9DCB2FA}.Debug|x86.ActiveCfg = Debug|Win32
		{919C7CB3-CE43-4F66-9AA3-0593A9DCB2FA}.Debug|x86.Build.0 = Debug|Win32
		{919C7CB3-CE43-4F66-9AA3-0593A9DCB2FA}.Release|x64.ActiveCfg = Release|x64
		{919C7CB3-CE43-4F66-9AA3-0593A9DCB2FA}.Release|x64.Build.0 = Release|x64
		{919C7CB3-CE43-4F66-9AA3-0593A9DCB2FA}.Release|x86.ActiveCfg = Release|Win32
		{919C7CB3-CE43-4F66-9AA3-0593A9DCB2FA}.Release|x86.Build.0 = Release|Win32
	EndGlobalSection
	GlobalSection(SolutionProperties) = preSolution
		HideSolutionNode = FALSE
	EndGlobalSection
	GlobalSection(ExtensibilityGlobals) = postSolution
		SolutionGuid = {FC604CE1-D147-490F-9A21-826D419F827A}
	EndGlobalSection
EndGlobal
